
Microsoft Visual Studio Solution File, Format Version 12.00
# Visual Studio Version 16
VisualStudioVersion = 16.0.31702.278
MinimumVisualStudioVersion = 10.0.40219.1
Project("{8BC9CEB8-8B4A-11D0-8D11-00A0C91BC942}") = "NewDelete", "NewDelete\NewDelete.vcxproj", "{143FE2EC-BB5A-4575-A6DD-BF568FA77374}"
EndProject
Global
	GlobalSection(SolutionConfigurationPlatforms) = preSolution
		Debug|x64 = Debug|x64
		Debug|x86 = Debug|x86
		Release|x64 = Release|x64
		Release|x86 = Release|x86
	EndGlobalSection
	GlobalSection(ProjectConfigurationPlatforms) = postSolution
		{143FE2EC-BB5A-4575-A6DD-BF568FA77374}.Debug|x64.ActiveCfg = Debug|x64
		{143FE2EC-BB5A-4575-A6DD-BF568FA77374}.Debug|x64.Build.0 = Debug|x64
		{143FE2EC-BB5A-4575-A6DD-BF568FA77374}.Debug|x86.ActiveCfg = Debug|Win32
		{143FE2EC-BB5A-4575-A6DD-BF568FA77374}.Debug|x86.Build.0 = Debug|Win32
		{143FE2EC-BB5A-4575-A6DD-BF568FA77374}.Release|x64.ActiveCfg = Release|x64
		{143FE2EC-BB5A-4575-A6DD-BF568FA77374}.Release|x64.Build.0 = Release|x64
		{143FE2EC-BB5A-4575-A6DD-BF568FA77374}.Release|x86.ActiveCfg = Release|Win32
		{143FE2EC-BB5A-4575-A6DD-BF568FA77374}.Release|x86.Build.0 = Release|Win32
	EndGlobalSection
	GlobalSection(SolutionProperties) = preSolution
		HideSolutionNode = FALSE
	EndGlobalSection
	GlobalSection(ExtensibilityGlobals) = postSolution
		SolutionGuid = {D0191A4A-C161-4B23-8AAD-2A4718FE33E2}
	EndGlobalSection
EndGlobal
